
Microsoft Visual Studio Solution File, Format Version 11.00
# Visual Studio 2010
Project("{FAE04EC0-301F-11D3-BF4B-00C04F79EFBC}") = "PreventDisplayTurningOff", "PreventDisplayTurningOff\PreventDisplayTurningOff.csproj", "{FEB62C26-2FCF-4ADB-A5D3-5CBCFD4D83D1}"
EndProject
Global
	GlobalSection(SolutionConfigurationPlatforms) = preSolution
		Debug|x86 = Debug|x86
		Release|x86 = Release|x86
	EndGlobalSection
	GlobalSection(ProjectConfigurationPlatforms) = postSolution
		{FEB62C26-2FCF-4ADB-A5D3-5CBCFD4D83D1}.Debug|x86.ActiveCfg = Debug|x86
		{FEB62C26-2FCF-4ADB-A5D3-5CBCFD4D83D1}.Debug|x86.Build.0 = Debug|x86
		{FEB62C26-2FCF-4ADB-A5D3-5CBCFD4D83D1}.Release|x86.ActiveCfg = Release|x86
		{FEB62C26-2FCF-4ADB-A5D3-5CBCFD4D83D1}.Release|x86.Build.0 = Release|x86
	EndGlobalSection
	GlobalSection(SolutionProperties) = preSolution
		HideSolutionNode = FALSE
	EndGlobalSection
EndGlobal
